// !$*UTF8*$!
{
	archiveVersion = 1;
	classes = {
	};
	objectVersion = 56;
	objects = {

/* Begin PBXBuildFile section */
		641FC0D42AD28D4D0002CF18 /* UIHelper.swift in Sources */ = {isa = PBXBuildFile; fileRef = 641FC0D32AD28D4D0002CF18 /* UIHelper.swift */; };
		642E519F2AD33B0900E0C1C3 /* GFEmptyStateView.swift in Sources */ = {isa = PBXBuildFile; fileRef = 642E519E2AD33B0900E0C1C3 /* GFEmptyStateView.swift */; };
		643336C02AD3EBA000E80AAD /* UserInfoVC.swift in Sources */ = {isa = PBXBuildFile; fileRef = 643336BF2AD3EBA000E80AAD /* UserInfoVC.swift */; };
		643336C22AD4191C00E80AAD /* GFUserInfoHeaderVC.swift in Sources */ = {isa = PBXBuildFile; fileRef = 643336C12AD4191C00E80AAD /* GFUserInfoHeaderVC.swift */; };
		643336C42AD4195B00E80AAD /* GFSecondaryTitleLabel.swift in Sources */ = {isa = PBXBuildFile; fileRef = 643336C32AD4195B00E80AAD /* GFSecondaryTitleLabel.swift */; };
		643336C62AD54C2300E80AAD /* Constants.swift in Sources */ = {isa = PBXBuildFile; fileRef = 643336C52AD54C2300E80AAD /* Constants.swift */; };
		643336C82AD696ED00E80AAD /* GFItemInfoView.swift in Sources */ = {isa = PBXBuildFile; fileRef = 643336C72AD696ED00E80AAD /* GFItemInfoView.swift */; };
		643336CA2AD6AD2100E80AAD /* GFItemInfoVC.swift in Sources */ = {isa = PBXBuildFile; fileRef = 643336C92AD6AD2100E80AAD /* GFItemInfoVC.swift */; };
		643336CC2AD6B30B00E80AAD /* GFRepoItemVC.swift in Sources */ = {isa = PBXBuildFile; fileRef = 643336CB2AD6B30B00E80AAD /* GFRepoItemVC.swift */; };
		643336CE2AD6B4A700E80AAD /* GFFollowerItem.swift in Sources */ = {isa = PBXBuildFile; fileRef = 643336CD2AD6B4A700E80AAD /* GFFollowerItem.swift */; };
		649953682ACED50F003EE26B /* AppDelegate.swift in Sources */ = {isa = PBXBuildFile; fileRef = 649953672ACED50F003EE26B /* AppDelegate.swift */; };
		6499536A2ACED50F003EE26B /* SceneDelegate.swift in Sources */ = {isa = PBXBuildFile; fileRef = 649953692ACED50F003EE26B /* SceneDelegate.swift */; };
		649953712ACED510003EE26B /* Assets.xcassets in Resources */ = {isa = PBXBuildFile; fileRef = 649953702ACED510003EE26B /* Assets.xcassets */; };
		649953742ACED510003EE26B /* LaunchScreen.storyboard in Resources */ = {isa = PBXBuildFile; fileRef = 649953722ACED510003EE26B /* LaunchScreen.storyboard */; };
		6499537C2ACED5F9003EE26B /* SearchVC.swift in Sources */ = {isa = PBXBuildFile; fileRef = 6499537B2ACED5F9003EE26B /* SearchVC.swift */; };
		6499537F2ACED60A003EE26B /* FavoritesListVC.swift in Sources */ = {isa = PBXBuildFile; fileRef = 6499537E2ACED60A003EE26B /* FavoritesListVC.swift */; };
		649953812ACED9AD003EE26B /* GFButton.swift in Sources */ = {isa = PBXBuildFile; fileRef = 649953802ACED9AD003EE26B /* GFButton.swift */; };
		649953832ACEE837003EE26B /* GFTextfield.swift in Sources */ = {isa = PBXBuildFile; fileRef = 649953822ACEE837003EE26B /* GFTextfield.swift */; };
		649953852ACFE2FE003EE26B /* FollowersListVC.swift in Sources */ = {isa = PBXBuildFile; fileRef = 649953842ACFE2FE003EE26B /* FollowersListVC.swift */; };
		649953872ACFE994003EE26B /* GFTitleLabel.swift in Sources */ = {isa = PBXBuildFile; fileRef = 649953862ACFE994003EE26B /* GFTitleLabel.swift */; };
		649953892ACFF89C003EE26B /* GFBodyLabel.swift in Sources */ = {isa = PBXBuildFile; fileRef = 649953882ACFF89C003EE26B /* GFBodyLabel.swift */; };
		6499538B2ACFF92A003EE26B /* GFAlertVC.swift in Sources */ = {isa = PBXBuildFile; fileRef = 6499538A2ACFF92A003EE26B /* GFAlertVC.swift */; };
		6499538D2AD00575003EE26B /* UIViewController+Ext.swift in Sources */ = {isa = PBXBuildFile; fileRef = 6499538C2AD00575003EE26B /* UIViewController+Ext.swift */; };
		649953942AD0180F003EE26B /* Follower.swift in Sources */ = {isa = PBXBuildFile; fileRef = 649953932AD0180F003EE26B /* Follower.swift */; };
		649953962AD0187A003EE26B /* User.swift in Sources */ = {isa = PBXBuildFile; fileRef = 649953952AD0187A003EE26B /* User.swift */; };
		649953992AD02F79003EE26B /* NetworkManager.swift in Sources */ = {isa = PBXBuildFile; fileRef = 649953982AD02F79003EE26B /* NetworkManager.swift */; };
		6499539C2AD04107003EE26B /* ErrorMessage.swift in Sources */ = {isa = PBXBuildFile; fileRef = 6499539B2AD04107003EE26B /* ErrorMessage.swift */; };
		6499539F2AD09290003EE26B /* FollowerCell.swift in Sources */ = {isa = PBXBuildFile; fileRef = 6499539E2AD09290003EE26B /* FollowerCell.swift */; };
		649953A12AD092D7003EE26B /* GFAvatarImageView.swift in Sources */ = {isa = PBXBuildFile; fileRef = 649953A02AD092D7003EE26B /* GFAvatarImageView.swift */; };
/* End PBXBuildFile section */

/* Begin PBXFileReference section */
		641FC0D32AD28D4D0002CF18 /* UIHelper.swift */ = {isa = PBXFileReference; lastKnownFileType = sourcecode.swift; path = UIHelper.swift; sourceTree = "<group>"; };
		642E519E2AD33B0900E0C1C3 /* GFEmptyStateView.swift */ = {isa = PBXFileReference; lastKnownFileType = sourcecode.swift; path = GFEmptyStateView.swift; sourceTree = "<group>"; };
		643336BF2AD3EBA000E80AAD /* UserInfoVC.swift */ = {isa = PBXFileReference; lastKnownFileType = sourcecode.swift; path = UserInfoVC.swift; sourceTree = "<group>"; };
		643336C12AD4191C00E80AAD /* GFUserInfoHeaderVC.swift */ = {isa = PBXFileReference; lastKnownFileType = sourcecode.swift; path = GFUserInfoHeaderVC.swift; sourceTree = "<group>"; };
		643336C32AD4195B00E80AAD /* GFSecondaryTitleLabel.swift */ = {isa = PBXFileReference; lastKnownFileType = sourcecode.swift; path = GFSecondaryTitleLabel.swift; sourceTree = "<group>"; };
		643336C52AD54C2300E80AAD /* Constants.swift */ = {isa = PBXFileReference; lastKnownFileType = sourcecode.swift; path = Constants.swift; sourceTree = "<group>"; };
		643336C72AD696ED00E80AAD /* GFItemInfoView.swift */ = {isa = PBXFileReference; lastKnownFileType = sourcecode.swift; path = GFItemInfoView.swift; sourceTree = "<group>"; };
		643336C92AD6AD2100E80AAD /* GFItemInfoVC.swift */ = {isa = PBXFileReference; lastKnownFileType = sourcecode.swift; path = GFItemInfoVC.swift; sourceTree = "<group>"; };
		643336CB2AD6B30B00E80AAD /* GFRepoItemVC.swift */ = {isa = PBXFileReference; lastKnownFileType = sourcecode.swift; path = GFRepoItemVC.swift; sourceTree = "<group>"; };
		643336CD2AD6B4A700E80AAD /* GFFollowerItem.swift */ = {isa = PBXFileReference; lastKnownFileType = sourcecode.swift; path = GFFollowerItem.swift; sourceTree = "<group>"; };
		649953642ACED50F003EE26B /* Github-Followers-App.app */ = {isa = PBXFileReference; explicitFileType = wrapper.application; includeInIndex = 0; path = "Github-Followers-App.app"; sourceTree = BUILT_PRODUCTS_DIR; };
		649953672ACED50F003EE26B /* AppDelegate.swift */ = {isa = PBXFileReference; lastKnownFileType = sourcecode.swift; path = AppDelegate.swift; sourceTree = "<group>"; };
		649953692ACED50F003EE26B /* SceneDelegate.swift */ = {isa = PBXFileReference; lastKnownFileType = sourcecode.swift; path = SceneDelegate.swift; sourceTree = "<group>"; };
		649953702ACED510003EE26B /* Assets.xcassets */ = {isa = PBXFileReference; lastKnownFileType = folder.assetcatalog; path = Assets.xcassets; sourceTree = "<group>"; };
		649953732ACED510003EE26B /* Base */ = {isa = PBXFileReference; lastKnownFileType = file.storyboard; name = Base; path = Base.lproj/LaunchScreen.storyboard; sourceTree = "<group>"; };
		649953752ACED510003EE26B /* Info.plist */ = {isa = PBXFileReference; lastKnownFileType = text.plist.xml; path = Info.plist; sourceTree = "<group>"; };
		6499537B2ACED5F9003EE26B /* SearchVC.swift */ = {isa = PBXFileReference; lastKnownFileType = sourcecode.swift; path = SearchVC.swift; sourceTree = "<group>"; };
		6499537E2ACED60A003EE26B /* FavoritesListVC.swift */ = {isa = PBXFileReference; lastKnownFileType = sourcecode.swift; path = FavoritesListVC.swift; sourceTree = "<group>"; };
		649953802ACED9AD003EE26B /* GFButton.swift */ = {isa = PBXFileReference; lastKnownFileType = sourcecode.swift; path = GFButton.swift; sourceTree = "<group>"; };
		649953822ACEE837003EE26B /* GFTextfield.swift */ = {isa = PBXFileReference; lastKnownFileType = sourcecode.swift; path = GFTextfield.swift; sourceTree = "<group>"; };
		649953842ACFE2FE003EE26B /* FollowersListVC.swift */ = {isa = PBXFileReference; lastKnownFileType = sourcecode.swift; path = FollowersListVC.swift; sourceTree = "<group>"; };
		649953862ACFE994003EE26B /* GFTitleLabel.swift */ = {isa = PBXFileReference; lastKnownFileType = sourcecode.swift; path = GFTitleLabel.swift; sourceTree = "<group>"; };
		649953882ACFF89C003EE26B /* GFBodyLabel.swift */ = {isa = PBXFileReference; lastKnownFileType = sourcecode.swift; path = GFBodyLabel.swift; sourceTree = "<group>"; };
		6499538A2ACFF92A003EE26B /* GFAlertVC.swift */ = {isa = PBXFileReference; lastKnownFileType = sourcecode.swift; path = GFAlertVC.swift; sourceTree = "<group>"; };
		6499538C2AD00575003EE26B /* UIViewController+Ext.swift */ = {isa = PBXFileReference; lastKnownFileType = sourcecode.swift; path = "UIViewController+Ext.swift"; sourceTree = "<group>"; };
		649953932AD0180F003EE26B /* Follower.swift */ = {isa = PBXFileReference; lastKnownFileType = sourcecode.swift; path = Follower.swift; sourceTree = "<group>"; };
		649953952AD0187A003EE26B /* User.swift */ = {isa = PBXFileReference; lastKnownFileType = sourcecode.swift; path = User.swift; sourceTree = "<group>"; };
		649953982AD02F79003EE26B /* NetworkManager.swift */ = {isa = PBXFileReference; lastKnownFileType = sourcecode.swift; path = NetworkManager.swift; sourceTree = "<group>"; };
		6499539B2AD04107003EE26B /* ErrorMessage.swift */ = {isa = PBXFileReference; lastKnownFileType = sourcecode.swift; path = ErrorMessage.swift; sourceTree = "<group>"; };
		6499539E2AD09290003EE26B /* FollowerCell.swift */ = {isa = PBXFileReference; lastKnownFileType = sourcecode.swift; path = FollowerCell.swift; sourceTree = "<group>"; };
		649953A02AD092D7003EE26B /* GFAvatarImageView.swift */ = {isa = PBXFileReference; lastKnownFileType = sourcecode.swift; path = GFAvatarImageView.swift; sourceTree = "<group>"; };
/* End PBXFileReference section */

/* Begin PBXFrameworksBuildPhase section */
		649953612ACED50F003EE26B /* Frameworks */ = {
			isa = PBXFrameworksBuildPhase;
			buildActionMask = 2147483647;
			files = (
			);
			runOnlyForDeploymentPostprocessing = 0;
		};
/* End PBXFrameworksBuildPhase section */

/* Begin PBXGroup section */
		642E51972AD33AB700E0C1C3 /* Labels */ = {
			isa = PBXGroup;
			children = (
				649953862ACFE994003EE26B /* GFTitleLabel.swift */,
				649953882ACFF89C003EE26B /* GFBodyLabel.swift */,
				643336C32AD4195B00E80AAD /* GFSecondaryTitleLabel.swift */,
			);
			path = Labels;
			sourceTree = "<group>";
		};
		642E51992AD33ABF00E0C1C3 /* ViewControllers */ = {
			isa = PBXGroup;
			children = (
				643336CF2AD6B4EF00E80AAD /* ItemInfoVCs */,
				643336C12AD4191C00E80AAD /* GFUserInfoHeaderVC.swift */,
				6499538A2ACFF92A003EE26B /* GFAlertVC.swift */,
			);
			path = ViewControllers;
			sourceTree = "<group>";
		};
		642E519A2AD33AC700E0C1C3 /* ImageViews */ = {
			isa = PBXGroup;
			children = (
				649953A02AD092D7003EE26B /* GFAvatarImageView.swift */,
			);
			path = ImageViews;
			sourceTree = "<group>";
		};
		642E519B2AD33ACC00E0C1C3 /* Textfields */ = {
			isa = PBXGroup;
			children = (
				649953822ACEE837003EE26B /* GFTextfield.swift */,
			);
			path = Textfields;
			sourceTree = "<group>";
		};
		642E519C2AD33AD300E0C1C3 /* Buttons */ = {
			isa = PBXGroup;
			children = (
				649953802ACED9AD003EE26B /* GFButton.swift */,
			);
			path = Buttons;
			sourceTree = "<group>";
		};
		642E519D2AD33AD500E0C1C3 /* Views */ = {
			isa = PBXGroup;
			children = (
				642E519E2AD33B0900E0C1C3 /* GFEmptyStateView.swift */,
				643336C72AD696ED00E80AAD /* GFItemInfoView.swift */,
			);
			path = Views;
			sourceTree = "<group>";
		};
		643336CF2AD6B4EF00E80AAD /* ItemInfoVCs */ = {
			isa = PBXGroup;
			children = (
				643336C92AD6AD2100E80AAD /* GFItemInfoVC.swift */,
				643336CB2AD6B30B00E80AAD /* GFRepoItemVC.swift */,
				643336CD2AD6B4A700E80AAD /* GFFollowerItem.swift */,
			);
			path = ItemInfoVCs;
			sourceTree = "<group>";
		};
		6499535B2ACED50F003EE26B = {
			isa = PBXGroup;
			children = (
				649953662ACED50F003EE26B /* Github-Followers-App */,
				649953652ACED50F003EE26B /* Products */,
			);
			sourceTree = "<group>";
		};
		649953652ACED50F003EE26B /* Products */ = {
			isa = PBXGroup;
			children = (
				649953642ACED50F003EE26B /* Github-Followers-App.app */,
			);
			name = Products;
			sourceTree = "<group>";
		};
		649953662ACED50F003EE26B /* Github-Followers-App */ = {
			isa = PBXGroup;
			children = (
				6499539A2AD040FF003EE26B /* Utilities */,
				649953972AD02F6C003EE26B /* Managers */,
				649953922AD01802003EE26B /* Model */,
				649953912AD00B56003EE26B /* Supports */,
				649953902AD00B2D003EE26B /* Extensions */,
				6499538F2AD00AB3003EE26B /* CustomViews */,
				6499538E2AD00A80003EE26B /* Screens */,
			);
			path = "Github-Followers-App";
			sourceTree = "<group>";
		};
		6499538E2AD00A80003EE26B /* Screens */ = {
			isa = PBXGroup;
			children = (
				6499537B2ACED5F9003EE26B /* SearchVC.swift */,
				649953842ACFE2FE003EE26B /* FollowersListVC.swift */,
				6499537E2ACED60A003EE26B /* FavoritesListVC.swift */,
				643336BF2AD3EBA000E80AAD /* UserInfoVC.swift */,
			);
			path = Screens;
			sourceTree = "<group>";
		};
		6499538F2AD00AB3003EE26B /* CustomViews */ = {
			isa = PBXGroup;
			children = (
				642E519D2AD33AD500E0C1C3 /* Views */,
				642E519C2AD33AD300E0C1C3 /* Buttons */,
				642E519B2AD33ACC00E0C1C3 /* Textfields */,
				642E519A2AD33AC700E0C1C3 /* ImageViews */,
				642E51992AD33ABF00E0C1C3 /* ViewControllers */,
				642E51972AD33AB700E0C1C3 /* Labels */,
				6499539D2AD0927B003EE26B /* Cells */,
			);
			path = CustomViews;
			sourceTree = "<group>";
		};
		649953902AD00B2D003EE26B /* Extensions */ = {
			isa = PBXGroup;
			children = (
				6499538C2AD00575003EE26B /* UIViewController+Ext.swift */,
			);
			path = Extensions;
			sourceTree = "<group>";
		};
		649953912AD00B56003EE26B /* Supports */ = {
			isa = PBXGroup;
			children = (
				649953752ACED510003EE26B /* Info.plist */,
				649953722ACED510003EE26B /* LaunchScreen.storyboard */,
				649953702ACED510003EE26B /* Assets.xcassets */,
				649953672ACED50F003EE26B /* AppDelegate.swift */,
				649953692ACED50F003EE26B /* SceneDelegate.swift */,
			);
			path = Supports;
			sourceTree = "<group>";
		};
		649953922AD01802003EE26B /* Model */ = {
			isa = PBXGroup;
			children = (
				649953932AD0180F003EE26B /* Follower.swift */,
				649953952AD0187A003EE26B /* User.swift */,
			);
			path = Model;
			sourceTree = "<group>";
		};
		649953972AD02F6C003EE26B /* Managers */ = {
			isa = PBXGroup;
			children = (
				649953982AD02F79003EE26B /* NetworkManager.swift */,
			);
			path = Managers;
			sourceTree = "<group>";
		};
		6499539A2AD040FF003EE26B /* Utilities */ = {
			isa = PBXGroup;
			children = (
				6499539B2AD04107003EE26B /* ErrorMessage.swift */,
				641FC0D32AD28D4D0002CF18 /* UIHelper.swift */,
				643336C52AD54C2300E80AAD /* Constants.swift */,
			);
			path = Utilities;
			sourceTree = "<group>";
		};
		6499539D2AD0927B003EE26B /* Cells */ = {
			isa = PBXGroup;
			children = (
				6499539E2AD09290003EE26B /* FollowerCell.swift */,
			);
			path = Cells;
			sourceTree = "<group>";
		};
/* End PBXGroup section */

/* Begin PBXNativeTarget section */
		649953632ACED50F003EE26B /* Github-Followers-App */ = {
			isa = PBXNativeTarget;
			buildConfigurationList = 649953782ACED510003EE26B /* Build configuration list for PBXNativeTarget "Github-Followers-App" */;
			buildPhases = (
				649953602ACED50F003EE26B /* Sources */,
				649953612ACED50F003EE26B /* Frameworks */,
				649953622ACED50F003EE26B /* Resources */,
			);
			buildRules = (
			);
			dependencies = (
			);
			name = "Github-Followers-App";
			productName = "Github-Followers-App";
			productReference = 649953642ACED50F003EE26B /* Github-Followers-App.app */;
			productType = "com.apple.product-type.application";
		};
/* End PBXNativeTarget section */

/* Begin PBXProject section */
		6499535C2ACED50F003EE26B /* Project object */ = {
			isa = PBXProject;
			attributes = {
				BuildIndependentTargetsInParallel = 1;
				LastSwiftUpdateCheck = 1420;
				LastUpgradeCheck = 1420;
				TargetAttributes = {
					649953632ACED50F003EE26B = {
						CreatedOnToolsVersion = 14.2;
					};
				};
			};
			buildConfigurationList = 6499535F2ACED50F003EE26B /* Build configuration list for PBXProject "Github-Followers-App" */;
			compatibilityVersion = "Xcode 14.0";
			developmentRegion = en;
			hasScannedForEncodings = 0;
			knownRegions = (
				en,
				Base,
			);
			mainGroup = 6499535B2ACED50F003EE26B;
			productRefGroup = 649953652ACED50F003EE26B /* Products */;
			projectDirPath = "";
			projectRoot = "";
			targets = (
				649953632ACED50F003EE26B /* Github-Followers-App */,
			);
		};
/* End PBXProject section */

/* Begin PBXResourcesBuildPhase section */
		649953622ACED50F003EE26B /* Resources */ = {
			isa = PBXResourcesBuildPhase;
			buildActionMask = 2147483647;
			files = (
				649953742ACED510003EE26B /* LaunchScreen.storyboard in Resources */,
				649953712ACED510003EE26B /* Assets.xcassets in Resources */,
			);
			runOnlyForDeploymentPostprocessing = 0;
		};
/* End PBXResourcesBuildPhase section */

/* Begin PBXSourcesBuildPhase section */
		649953602ACED50F003EE26B /* Sources */ = {
			isa = PBXSourcesBuildPhase;
			buildActionMask = 2147483647;
			files = (
				649953962AD0187A003EE26B /* User.swift in Sources */,
				6499537C2ACED5F9003EE26B /* SearchVC.swift in Sources */,
				6499538D2AD00575003EE26B /* UIViewController+Ext.swift in Sources */,
				649953852ACFE2FE003EE26B /* FollowersListVC.swift in Sources */,
				649953832ACEE837003EE26B /* GFTextfield.swift in Sources */,
				641FC0D42AD28D4D0002CF18 /* UIHelper.swift in Sources */,
				643336CA2AD6AD2100E80AAD /* GFItemInfoVC.swift in Sources */,
				643336C62AD54C2300E80AAD /* Constants.swift in Sources */,
				643336CE2AD6B4A700E80AAD /* GFFollowerItem.swift in Sources */,
				649953812ACED9AD003EE26B /* GFButton.swift in Sources */,
				6499538B2ACFF92A003EE26B /* GFAlertVC.swift in Sources */,
				6499539F2AD09290003EE26B /* FollowerCell.swift in Sources */,
				643336C82AD696ED00E80AAD /* GFItemInfoView.swift in Sources */,
				6499539C2AD04107003EE26B /* ErrorMessage.swift in Sources */,
				649953A12AD092D7003EE26B /* GFAvatarImageView.swift in Sources */,
				643336C22AD4191C00E80AAD /* GFUserInfoHeaderVC.swift in Sources */,
				649953872ACFE994003EE26B /* GFTitleLabel.swift in Sources */,
				649953942AD0180F003EE26B /* Follower.swift in Sources */,
				6499537F2ACED60A003EE26B /* FavoritesListVC.swift in Sources */,
				643336C42AD4195B00E80AAD /* GFSecondaryTitleLabel.swift in Sources */,
				642E519F2AD33B0900E0C1C3 /* GFEmptyStateView.swift in Sources */,
				649953992AD02F79003EE26B /* NetworkManager.swift in Sources */,
				649953682ACED50F003EE26B /* AppDelegate.swift in Sources */,
				6499536A2ACED50F003EE26B /* SceneDelegate.swift in Sources */,
				649953892ACFF89C003EE26B /* GFBodyLabel.swift in Sources */,
				643336CC2AD6B30B00E80AAD /* GFRepoItemVC.swift in Sources */,
				643336C02AD3EBA000E80AAD /* UserInfoVC.swift in Sources */,
			);
			runOnlyForDeploymentPostprocessing = 0;
		};
/* End PBXSourcesBuildPhase section */

/* Begin PBXVariantGroup section */
		649953722ACED510003EE26B /* LaunchScreen.storyboard */ = {
			isa = PBXVariantGroup;
			children = (
				649953732ACED510003EE26B /* Base */,
			);
			name = LaunchScreen.storyboard;
			sourceTree = "<group>";
		};
/* End PBXVariantGroup section */

/* Begin XCBuildConfiguration section */
		649953762ACED510003EE26B /* Debug */ = {
			isa = XCBuildConfiguration;
			buildSettings = {
				ALWAYS_SEARCH_USER_PATHS = NO;
				CLANG_ANALYZER_NONNULL = YES;
				CLANG_ANALYZER_NUMBER_OBJECT_CONVERSION = YES_AGGRESSIVE;
				CLANG_CXX_LANGUAGE_STANDARD = "gnu++20";
				CLANG_ENABLE_MODULES = YES;
				CLANG_ENABLE_OBJC_ARC = YES;
				CLANG_ENABLE_OBJC_WEAK = YES;
				CLANG_WARN_BLOCK_CAPTURE_AUTORELEASING = YES;
				CLANG_WARN_BOOL_CONVERSION = YES;
				CLANG_WARN_COMMA = YES;
				CLANG_WARN_CONSTANT_CONVERSION = YES;
				CLANG_WARN_DEPRECATED_OBJC_IMPLEMENTATIONS = YES;
				CLANG_WARN_DIRECT_OBJC_ISA_USAGE = YES_ERROR;
				CLANG_WARN_DOCUMENTATION_COMMENTS = YES;
				CLANG_WARN_EMPTY_BODY = YES;
				CLANG_WARN_ENUM_CONVERSION = YES;
				CLANG_WARN_INFINITE_RECURSION = YES;
				CLANG_WARN_INT_CONVERSION = YES;
				CLANG_WARN_NON_LITERAL_NULL_CONVERSION = YES;
				CLANG_WARN_OBJC_IMPLICIT_RETAIN_SELF = YES;
				CLANG_WARN_OBJC_LITERAL_CONVERSION = YES;
				CLANG_WARN_OBJC_ROOT_CLASS = YES_ERROR;
				CLANG_WARN_QUOTED_INCLUDE_IN_FRAMEWORK_HEADER = YES;
				CLANG_WARN_RANGE_LOOP_ANALYSIS = YES;
				CLANG_WARN_STRICT_PROTOTYPES = YES;
				CLANG_WARN_SUSPICIOUS_MOVE = YES;
				CLANG_WARN_UNGUARDED_AVAILABILITY = YES_AGGRESSIVE;
				CLANG_WARN_UNREACHABLE_CODE = YES;
				CLANG_WARN__DUPLICATE_METHOD_MATCH = YES;
				COPY_PHASE_STRIP = NO;
				DEBUG_INFORMATION_FORMAT = dwarf;
				ENABLE_STRICT_OBJC_MSGSEND = YES;
				ENABLE_TESTABILITY = YES;
				GCC_C_LANGUAGE_STANDARD = gnu11;
				GCC_DYNAMIC_NO_PIC = NO;
				GCC_NO_COMMON_BLOCKS = YES;
				GCC_OPTIMIZATION_LEVEL = 0;
				GCC_PREPROCESSOR_DEFINITIONS = (
					"DEBUG=1",
					"$(inherited)",
				);
				GCC_WARN_64_TO_32_BIT_CONVERSION = YES;
				GCC_WARN_ABOUT_RETURN_TYPE = YES_ERROR;
				GCC_WARN_UNDECLARED_SELECTOR = YES;
				GCC_WARN_UNINITIALIZED_AUTOS = YES_AGGRESSIVE;
				GCC_WARN_UNUSED_FUNCTION = YES;
				GCC_WARN_UNUSED_VARIABLE = YES;
				IPHONEOS_DEPLOYMENT_TARGET = 16.2;
				MTL_ENABLE_DEBUG_INFO = INCLUDE_SOURCE;
				MTL_FAST_MATH = YES;
				ONLY_ACTIVE_ARCH = YES;
				SDKROOT = iphoneos;
				SWIFT_ACTIVE_COMPILATION_CONDITIONS = DEBUG;
				SWIFT_OPTIMIZATION_LEVEL = "-Onone";
			};
			name = Debug;
		};
		649953772ACED510003EE26B /* Release */ = {
			isa = XCBuildConfiguration;
			buildSettings = {
				ALWAYS_SEARCH_USER_PATHS = NO;
				CLANG_ANALYZER_NONNULL = YES;
				CLANG_ANALYZER_NUMBER_OBJECT_CONVERSION = YES_AGGRESSIVE;
				CLANG_CXX_LANGUAGE_STANDARD = "gnu++20";
				CLANG_ENABLE_MODULES = YES;
				CLANG_ENABLE_OBJC_ARC = YES;
				CLANG_ENABLE_OBJC_WEAK = YES;
				CLANG_WARN_BLOCK_CAPTURE_AUTORELEASING = YES;
				CLANG_WARN_BOOL_CONVERSION = YES;
				CLANG_WARN_COMMA = YES;
				CLANG_WARN_CONSTANT_CONVERSION = YES;
				CLANG_WARN_DEPRECATED_OBJC_IMPLEMENTATIONS = YES;
				CLANG_WARN_DIRECT_OBJC_ISA_USAGE = YES_ERROR;
				CLANG_WARN_DOCUMENTATION_COMMENTS = YES;
				CLANG_WARN_EMPTY_BODY = YES;
				CLANG_WARN_ENUM_CONVERSION = YES;
				CLANG_WARN_INFINITE_RECURSION = YES;
				CLANG_WARN_INT_CONVERSION = YES;
				CLANG_WARN_NON_LITERAL_NULL_CONVERSION = YES;
				CLANG_WARN_OBJC_IMPLICIT_RETAIN_SELF = YES;
				CLANG_WARN_OBJC_LITERAL_CONVERSION = YES;
				CLANG_WARN_OBJC_ROOT_CLASS = YES_ERROR;
				CLANG_WARN_QUOTED_INCLUDE_IN_FRAMEWORK_HEADER = YES;
				CLANG_WARN_RANGE_LOOP_ANALYSIS = YES;
				CLANG_WARN_STRICT_PROTOTYPES = YES;
				CLANG_WARN_SUSPICIOUS_MOVE = YES;
				CLANG_WARN_UNGUARDED_AVAILABILITY = YES_AGGRESSIVE;
				CLANG_WARN_UNREACHABLE_CODE = YES;
				CLANG_WARN__DUPLICATE_METHOD_MATCH = YES;
				COPY_PHASE_STRIP = NO;
				DEBUG_INFORMATION_FORMAT = "dwarf-with-dsym";
				ENABLE_NS_ASSERTIONS = NO;
				ENABLE_STRICT_OBJC_MSGSEND = YES;
				GCC_C_LANGUAGE_STANDARD = gnu11;
				GCC_NO_COMMON_BLOCKS = YES;
				GCC_WARN_64_TO_32_BIT_CONVERSION = YES;
				GCC_WARN_ABOUT_RETURN_TYPE = YES_ERROR;
				GCC_WARN_UNDECLARED_SELECTOR = YES;
				GCC_WARN_UNINITIALIZED_AUTOS = YES_AGGRESSIVE;
				GCC_WARN_UNUSED_FUNCTION = YES;
				GCC_WARN_UNUSED_VARIABLE = YES;
				IPHONEOS_DEPLOYMENT_TARGET = 16.2;
				MTL_ENABLE_DEBUG_INFO = NO;
				MTL_FAST_MATH = YES;
				SDKROOT = iphoneos;
				SWIFT_COMPILATION_MODE = wholemodule;
				SWIFT_OPTIMIZATION_LEVEL = "-O";
				VALIDATE_PRODUCT = YES;
			};
			name = Release;
		};
		649953792ACED510003EE26B /* Debug */ = {
			isa = XCBuildConfiguration;
			buildSettings = {
				ASSETCATALOG_COMPILER_APPICON_NAME = AppIcon;
				ASSETCATALOG_COMPILER_GLOBAL_ACCENT_COLOR_NAME = AccentColor;
				CODE_SIGN_STYLE = Automatic;
				CURRENT_PROJECT_VERSION = 1;
				GENERATE_INFOPLIST_FILE = YES;
				INFOPLIST_FILE = "Github-Followers-App/Supports/Info.plist";
				INFOPLIST_KEY_UIApplicationSupportsIndirectInputEvents = YES;
				INFOPLIST_KEY_UILaunchStoryboardName = LaunchScreen;
				INFOPLIST_KEY_UISupportedInterfaceOrientations_iPad = "UIInterfaceOrientationPortrait UIInterfaceOrientationPortraitUpsideDown UIInterfaceOrientationLandscapeLeft UIInterfaceOrientationLandscapeRight";
				INFOPLIST_KEY_UISupportedInterfaceOrientations_iPhone = "UIInterfaceOrientationPortrait UIInterfaceOrientationLandscapeLeft UIInterfaceOrientationLandscapeRight";
				LD_RUNPATH_SEARCH_PATHS = (
					"$(inherited)",
					"@executable_path/Frameworks",
				);
				MARKETING_VERSION = 1.0;
				PRODUCT_BUNDLE_IDENTIFIER = "co.bahittin.Github-Followers-App";
				PRODUCT_NAME = "$(TARGET_NAME)";
				SWIFT_EMIT_LOC_STRINGS = YES;
				SWIFT_VERSION = 5.0;
				TARGETED_DEVICE_FAMILY = "1,2";
			};
			name = Debug;
		};
		6499537A2ACED510003EE26B /* Release */ = {
			isa = XCBuildConfiguration;
			buildSettings = {
				ASSETCATALOG_COMPILER_APPICON_NAME = AppIcon;
				ASSETCATALOG_COMPILER_GLOBAL_ACCENT_COLOR_NAME = AccentColor;
				CODE_SIGN_STYLE = Automatic;
				CURRENT_PROJECT_VERSION = 1;
				GENERATE_INFOPLIST_FILE = YES;
				INFOPLIST_FILE = "Github-Followers-App/Supports/Info.plist";
				INFOPLIST_KEY_UIApplicationSupportsIndirectInputEvents = YES;
				INFOPLIST_KEY_UILaunchStoryboardName = LaunchScreen;
				INFOPLIST_KEY_UISupportedInterfaceOrientations_iPad = "UIInterfaceOrientationPortrait UIInterfaceOrientationPortraitUpsideDown UIInterfaceOrientationLandscapeLeft UIInterfaceOrientationLandscapeRight";
				INFOPLIST_KEY_UISupportedInterfaceOrientations_iPhone = "UIInterfaceOrientationPortrait UIInterfaceOrientationLandscapeLeft UIInterfaceOrientationLandscapeRight";
				LD_RUNPATH_SEARCH_PATHS = (
					"$(inherited)",
					"@executable_path/Frameworks",
				);
				MARKETING_VERSION = 1.0;
				PRODUCT_BUNDLE_IDENTIFIER = "co.bahittin.Github-Followers-App";
				PRODUCT_NAME = "$(TARGET_NAME)";
				SWIFT_EMIT_LOC_STRINGS = YES;
				SWIFT_VERSION = 5.0;
				TARGETED_DEVICE_FAMILY = "1,2";
			};
			name = Release;
		};
/* End XCBuildConfiguration section */

/* Begin XCConfigurationList section */
		6499535F2ACED50F003EE26B /* Build configuration list for PBXProject "Github-Followers-App" */ = {
			isa = XCConfigurationList;
			buildConfigurations = (
				649953762ACED510003EE26B /* Debug */,
				649953772ACED510003EE26B /* Release */,
			);
			defaultConfigurationIsVisible = 0;
			defaultConfigurationName = Release;
		};
		649953782ACED510003EE26B /* Build configuration list for PBXNativeTarget "Github-Followers-App" */ = {
			isa = XCConfigurationList;
			buildConfigurations = (
				649953792ACED510003EE26B /* Debug */,
				6499537A2ACED510003EE26B /* Release */,
			);
			defaultConfigurationIsVisible = 0;
			defaultConfigurationName = Release;
		};
/* End XCConfigurationList section */
	};
	rootObject = 6499535C2ACED50F003EE26B /* Project object */;
}
